{
    "_readme": [
        "This file locks the dependencies of your project to a known state",
        "Read more about it at https://getcomposer.org/doc/01-basic-usage.md#installing-dependencies",
        "This file is @generated automatically"
    ],
    "content-hash": "a9150f50261c955a37f8d2fbac05763e",
    "packages": [
        {
            "name": "swagger-api/swagger-ui",
            "version": "v5.20.8",
            "source": {
                "type": "git",
                "url": "https://github.com/swagger-api/swagger-ui.git",
                "reference": "255142acd00d5e978d6faae5fdce532de103fc1b"
            },
            "dist": {
                "type": "zip",
                "url": "https://api.github.com/repos/swagger-api/swagger-ui/zipball/255142acd00d5e978d6faae5fdce532de103fc1b",
                "reference": "255142acd00d5e978d6faae5fdce532de103fc1b",
                "shasum": ""
            },
            "type": "library",
            "notification-url": "https://packagist.org/downloads/",
            "license": [
                "Apache-2.0"
            ],
            "authors": [
                {
                    "name": "Anna Bodnia",
                    "email": "anna.bodnia@gmail.com"
                },
                {
                    "name": "Buu Nguyen",
                    "email": "buunguyen@gmail.com"
                },
                {
                    "name": "Josh Ponelat",
                    "email": "jponelat@gmail.com"
                },
                {
                    "name": "Kyle Shockey",
                    "email": "kyleshockey1@gmail.com"
                },
                {
                    "name": "Robert Barnwell",
                    "email": "robert@robertismy.name"
                },
                {
                    "name": "Sahar Jafari",
                    "email": "shr.jafari@gmail.com"
                }
            ],
            "description": " Swagger UI is a collection of HTML, Javascript, and CSS assets that dynamically generate beautiful documentation from a Swagger-compliant API.",
            "homepage": "http://swagger.io",
            "keywords": [
                "api",
                "documentation",
                "openapi",
                "specification",
                "swagger",
                "ui"
            ],
            "support": {
                "issues": "https://github.com/swagger-api/swagger-ui/issues",
                "source": "https://github.com/swagger-api/swagger-ui/tree/v5.20.8"
            },
            "time": "2025-04-10T11:40:44+00:00"
        }
    ],
    "packages-dev": [],
    "aliases": [],
    "minimum-stability": "stable",
    "stability-flags": [],
    "prefer-stable": false,
    "prefer-lowest": false,
    "platform": [],
    "platform-dev": [],
    "plugin-api-version": "2.3.0"
}
